
Microsoft Visual Studio Solution File, Format Version 12.00
Project("{FAE04EC0-301F-11D3-BF4B-00C04F79EFBC}") = "LARS-Project", "LARS-Project\LARS-Project.csproj", "{93FD37EF-5E26-4E16-99E0-E1BF53344A01}"
EndProject
Global
	GlobalSection(SolutionConfigurationPlatforms) = preSolution
		Debug|Any CPU = Debug|Any CPU
		Release|Any CPU = Release|Any CPU
	EndGlobalSection
	GlobalSection(ProjectConfigurationPlatforms) = postSolution
		{93FD37EF-5E26-4E16-99E0-E1BF53344A01}.Debug|Any CPU.ActiveCfg = Debug|Any CPU
		{93FD37EF-5E26-4E16-99E0-E1BF53344A01}.Debug|Any CPU.Build.0 = Debug|Any CPU
		{93FD37EF-5E26-4E16-99E0-E1BF53344A01}.Release|Any CPU.ActiveCfg = Release|Any CPU
		{93FD37EF-5E26-4E16-99E0-E1BF53344A01}.Release|Any CPU.Build.0 = Release|Any CPU
	EndGlobalSection
EndGlobal
